
Microsoft Visual Studio Solution File, Format Version 12.00
# Visual Studio Version 16
VisualStudioVersion = 16.0.31624.102
MinimumVisualStudioVersion = 10.0.40219.1
Project("{FAE04EC0-301F-11D3-BF4B-00C04F79EFBC}") = "Template_Design_Pattern_UpSchool", "Template_Design_Pattern_UpSchool\Template_Design_Pattern_UpSchool.csproj", "{CBEDD19A-D2C3-4D47-BA35-D6AEAD7AF2F3}"
EndProject
Global
	GlobalSection(SolutionConfigurationPlatforms) = preSolution
		Debug|Any CPU = Debug|Any CPU
		Release|Any CPU = Release|Any CPU
	EndGlobalSection
	GlobalSection(ProjectConfigurationPlatforms) = postSolution
		{CBEDD19A-D2C3-4D47-BA35-D6AEAD7AF2F3}.Debug|Any CPU.ActiveCfg = Debug|Any CPU
		{CBEDD19A-D2C3-4D47-BA35-D6AEAD7AF2F3}.Debug|Any CPU.Build.0 = Debug|Any CPU
		{CBEDD19A-D2C3-4D47-BA35-D6AEAD7AF2F3}.Release|Any CPU.ActiveCfg = Release|Any CPU
		{CBEDD19A-D2C3-4D47-BA35-D6AEAD7AF2F3}.Release|Any CPU.Build.0 = Release|Any CPU
	EndGlobalSection
	GlobalSection(SolutionProperties) = preSolution
		HideSolutionNode = FALSE
	EndGlobalSection
	GlobalSection(ExtensibilityGlobals) = postSolution
		SolutionGuid = {D9030FCC-D0DF-4D51-8258-8B2A7FE882A5}
	EndGlobalSection
EndGlobal
